// !$*UTF8*$!
{
	archiveVersion = 1;
	classes = {
	};
	objectVersion = 46;
	objects = {

/* Begin PBXBuildFile section */
		23349D1020256AB00087D2C0 /* main.cpp in Sources */ = {isa = PBXBuildFile; fileRef = 23349D0F20256AB00087D2C0 /* main.cpp */; };
		23349D1820256AD80087D2C0 /* OpenGL.framework in Frameworks */ = {isa = PBXBuildFile; fileRef = 23349D1720256AD80087D2C0 /* OpenGL.framework */; };
		23349D1A20256ED20087D2C0 /* Cocoa.framework in Frameworks */ = {isa = PBXBuildFile; fileRef = 23349D1920256ED20087D2C0 /* Cocoa.framework */; };
		23349D1C20256ED70087D2C0 /* CoreFoundation.framework in Frameworks */ = {isa = PBXBuildFile; fileRef = 23349D1B20256ED70087D2C0 /* CoreFoundation.framework */; };
		23349D1E20256EE30087D2C0 /* CoreVideo.framework in Frameworks */ = {isa = PBXBuildFile; fileRef = 23349D1D20256EE30087D2C0 /* CoreVideo.framework */; };
		23349D2020256EE70087D2C0 /* IOKit.framework in Frameworks */ = {isa = PBXBuildFile; fileRef = 23349D1F20256EE70087D2C0 /* IOKit.framework */; };
		23349D22202570030087D2C0 /* libGLEW.2.1.0.dylib in Frameworks */ = {isa = PBXBuildFile; fileRef = 23349D21202570030087D2C0 /* libGLEW.2.1.0.dylib */; };
		23349D24202571160087D2C0 /* libglfw3.a in Frameworks */ = {isa = PBXBuildFile; fileRef = 23349D23202571160087D2C0 /* libglfw3.a */; };
/* End PBXBuildFile section */

/* Begin PBXCopyFilesBuildPhase section */
		23349D0A20256AB00087D2C0 /* CopyFiles */ = {
			isa = PBXCopyFilesBuildPhase;
			buildActionMask = 2147483647;
			dstPath = /usr/share/man/man1/;
			dstSubfolderSpec = 0;
			files = (
			);
			runOnlyForDeploymentPostprocessing = 1;
		};
/* End PBXCopyFilesBuildPhase section */

/* Begin PBXFileReference section */
		23349D0C20256AB00087D2C0 /* GraphicsEngine */ = {isa = PBXFileReference; explicitFileType = "compiled.mach-o.executable"; includeInIndex = 0; path = GraphicsEngine; sourceTree = BUILT_PRODUCTS_DIR; };
		23349D0F20256AB00087D2C0 /* main.cpp */ = {isa = PBXFileReference; lastKnownFileType = sourcecode.cpp.cpp; path = main.cpp; sourceTree = "<group>"; };
		23349D1720256AD80087D2C0 /* OpenGL.framework */ = {isa = PBXFileReference; lastKnownFileType = wrapper.framework; name = OpenGL.framework; path = System/Library/Frameworks/OpenGL.framework; sourceTree = SDKROOT; };
		23349D1920256ED20087D2C0 /* Cocoa.framework */ = {isa = PBXFileReference; lastKnownFileType = wrapper.framework; name = Cocoa.framework; path = System/Library/Frameworks/Cocoa.framework; sourceTree = SDKROOT; };
		23349D1B20256ED70087D2C0 /* CoreFoundation.framework */ = {isa = PBXFileReference; lastKnownFileType = wrapper.framework; name = CoreFoundation.framework; path = System/Library/Frameworks/CoreFoundation.framework; sourceTree = SDKROOT; };
		23349D1D20256EE30087D2C0 /* CoreVideo.framework */ = {isa = PBXFileReference; lastKnownFileType = wrapper.framework; name = CoreVideo.framework; path = System/Library/Frameworks/CoreVideo.framework; sourceTree = SDKROOT; };
		23349D1F20256EE70087D2C0 /* IOKit.framework */ = {isa = PBXFileReference; lastKnownFileType = wrapper.framework; name = IOKit.framework; path = System/Library/Frameworks/IOKit.framework; sourceTree = SDKROOT; };
		23349D21202570030087D2C0 /* libGLEW.2.1.0.dylib */ = {isa = PBXFileReference; lastKnownFileType = "compiled.mach-o.dylib"; name = libGLEW.2.1.0.dylib; path = "../lib/glew-2.1.0/lib/libGLEW.2.1.0.dylib"; sourceTree = "<group>"; };
		23349D23202571160087D2C0 /* libglfw3.a */ = {isa = PBXFileReference; lastKnownFileType = archive.ar; name = libglfw3.a; path = ../lib/glfw/src/libglfw3.a; sourceTree = "<group>"; };
/* End PBXFileReference section */

/* Begin PBXFrameworksBuildPhase section */
		23349D0920256AB00087D2C0 /* Frameworks */ = {
			isa = PBXFrameworksBuildPhase;
			buildActionMask = 2147483647;
			files = (
				23349D24202571160087D2C0 /* libglfw3.a in Frameworks */,
				23349D22202570030087D2C0 /* libGLEW.2.1.0.dylib in Frameworks */,
				23349D2020256EE70087D2C0 /* IOKit.framework in Frameworks */,
				23349D1E20256EE30087D2C0 /* CoreVideo.framework in Frameworks */,
				23349D1C20256ED70087D2C0 /* CoreFoundation.framework in Frameworks */,
				23349D1A20256ED20087D2C0 /* Cocoa.framework in Frameworks */,
				23349D1820256AD80087D2C0 /* OpenGL.framework in Frameworks */,
			);
			runOnlyForDeploymentPostprocessing = 0;
		};
/* End PBXFrameworksBuildPhase section */

/* Begin PBXGroup section */
		23349D0320256AB00087D2C0 = {
			isa = PBXGroup;
			children = (
				23349D0E20256AB00087D2C0 /* GraphicsEngine */,
				23349D0D20256AB00087D2C0 /* Products */,
				23349D1620256AD80087D2C0 /* Frameworks */,
			);
			sourceTree = "<group>";
		};
		23349D0D20256AB00087D2C0 /* Products */ = {
			isa = PBXGroup;
			children = (
				23349D0C20256AB00087D2C0 /* GraphicsEngine */,
			);
			name = Products;
			sourceTree = "<group>";
		};
		23349D0E20256AB00087D2C0 /* GraphicsEngine */ = {
			isa = PBXGroup;
			children = (
				23349D0F20256AB00087D2C0 /* main.cpp */,
			);
			path = GraphicsEngine;
			sourceTree = "<group>";
		};
		23349D1620256AD80087D2C0 /* Frameworks */ = {
			isa = PBXGroup;
			children = (
				23349D23202571160087D2C0 /* libglfw3.a */,
				23349D21202570030087D2C0 /* libGLEW.2.1.0.dylib */,
				23349D1F20256EE70087D2C0 /* IOKit.framework */,
				23349D1D20256EE30087D2C0 /* CoreVideo.framework */,
				23349D1B20256ED70087D2C0 /* CoreFoundation.framework */,
				23349D1920256ED20087D2C0 /* Cocoa.framework */,
				23349D1720256AD80087D2C0 /* OpenGL.framework */,
			);
			name = Frameworks;
			sourceTree = "<group>";
		};
/* End PBXGroup section */

/* Begin PBXNativeTarget section */
		23349D0B20256AB00087D2C0 /* GraphicsEngine */ = {
			isa = PBXNativeTarget;
			buildConfigurationList = 23349D1320256AB00087D2C0 /* Build configuration list for PBXNativeTarget "GraphicsEngine" */;
			buildPhases = (
				23349D0820256AB00087D2C0 /* Sources */,
				23349D0920256AB00087D2C0 /* Frameworks */,
				23349D0A20256AB00087D2C0 /* CopyFiles */,
			);
			buildRules = (
			);
			dependencies = (
			);
			name = GraphicsEngine;
			productName = GraphicsEngine;
			productReference = 23349D0C20256AB00087D2C0 /* GraphicsEngine */;
			productType = "com.apple.product-type.tool";
		};
/* End PBXNativeTarget section */

/* Begin PBXProject section */
		23349D0420256AB00087D2C0 /* Project object */ = {
			isa = PBXProject;
			attributes = {
				LastUpgradeCheck = 0820;
				ORGANIZATIONNAME = "Ashish Gogna";
				TargetAttributes = {
					23349D0B20256AB00087D2C0 = {
						CreatedOnToolsVersion = 8.2.1;
						ProvisioningStyle = Automatic;
					};
				};
			};
			buildConfigurationList = 23349D0720256AB00087D2C0 /* Build configuration list for PBXProject "GraphicsEngine" */;
			compatibilityVersion = "Xcode 3.2";
			developmentRegion = English;
			hasScannedForEncodings = 0;
			knownRegions = (
				en,
			);
			mainGroup = 23349D0320256AB00087D2C0;
			productRefGroup = 23349D0D20256AB00087D2C0 /* Products */;
			projectDirPath = "";
			projectRoot = "";
			targets = (
				23349D0B20256AB00087D2C0 /* GraphicsEngine */,
			);
		};
/* End PBXProject section */

/* Begin PBXSourcesBuildPhase section */
		23349D0820256AB00087D2C0 /* Sources */ = {
			isa = PBXSourcesBuildPhase;
			buildActionMask = 2147483647;
			files = (
				23349D1020256AB00087D2C0 /* main.cpp in Sources */,
			);
			runOnlyForDeploymentPostprocessing = 0;
		};
/* End PBXSourcesBuildPhase section */

/* Begin XCBuildConfiguration section */
		23349D1120256AB00087D2C0 /* Debug */ = {
			isa = XCBuildConfiguration;
			buildSettings = {
				ALWAYS_SEARCH_USER_PATHS = NO;
				CLANG_ANALYZER_NONNULL = YES;
				CLANG_CXX_LANGUAGE_STANDARD = "gnu++0x";
				CLANG_CXX_LIBRARY = "libc++";
				CLANG_ENABLE_MODULES = YES;
				CLANG_ENABLE_OBJC_ARC = YES;
				CLANG_WARN_BOOL_CONVERSION = YES;
				CLANG_WARN_CONSTANT_CONVERSION = YES;
				CLANG_WARN_DIRECT_OBJC_ISA_USAGE = YES_ERROR;
				CLANG_WARN_DOCUMENTATION_COMMENTS = YES;
				CLANG_WARN_EMPTY_BODY = YES;
				CLANG_WARN_ENUM_CONVERSION = YES;
				CLANG_WARN_INFINITE_RECURSION = YES;
				CLANG_WARN_INT_CONVERSION = YES;
				CLANG_WARN_OBJC_ROOT_CLASS = YES_ERROR;
				CLANG_WARN_SUSPICIOUS_MOVE = YES;
				CLANG_WARN_UNREACHABLE_CODE = YES;
				CLANG_WARN__DUPLICATE_METHOD_MATCH = YES;
				CODE_SIGN_IDENTITY = "-";
				COPY_PHASE_STRIP = NO;
				DEBUG_INFORMATION_FORMAT = dwarf;
				ENABLE_STRICT_OBJC_MSGSEND = YES;
				ENABLE_TESTABILITY = YES;
				GCC_C_LANGUAGE_STANDARD = gnu99;
				GCC_DYNAMIC_NO_PIC = NO;
				GCC_NO_COMMON_BLOCKS = YES;
				GCC_OPTIMIZATION_LEVEL = 0;
				GCC_PREPROCESSOR_DEFINITIONS = (
					"DEBUG=1",
					"$(inherited)",
				);
				GCC_WARN_64_TO_32_BIT_CONVERSION = YES;
				GCC_WARN_ABOUT_RETURN_TYPE = YES_ERROR;
				GCC_WARN_UNDECLARED_SELECTOR = YES;
				GCC_WARN_UNINITIALIZED_AUTOS = YES_AGGRESSIVE;
				GCC_WARN_UNUSED_FUNCTION = YES;
				GCC_WARN_UNUSED_VARIABLE = YES;
				MACOSX_DEPLOYMENT_TARGET = 10.11;
				MTL_ENABLE_DEBUG_INFO = YES;
				ONLY_ACTIVE_ARCH = YES;
				SDKROOT = macosx;
			};
			name = Debug;
		};
		23349D1220256AB00087D2C0 /* Release */ = {
			isa = XCBuildConfiguration;
			buildSettings = {
				ALWAYS_SEARCH_USER_PATHS = NO;
				CLANG_ANALYZER_NONNULL = YES;
				CLANG_CXX_LANGUAGE_STANDARD = "gnu++0x";
				CLANG_CXX_LIBRARY = "libc++";
				CLANG_ENABLE_MODULES = YES;
				CLANG_ENABLE_OBJC_ARC = YES;
				CLANG_WARN_BOOL_CONVERSION = YES;
				CLANG_WARN_CONSTANT_CONVERSION = YES;
				CLANG_WARN_DIRECT_OBJC_ISA_USAGE = YES_ERROR;
				CLANG_WARN_DOCUMENTATION_COMMENTS = YES;
				CLANG_WARN_EMPTY_BODY = YES;
				CLANG_WARN_ENUM_CONVERSION = YES;
				CLANG_WARN_INFINITE_RECURSION = YES;
				CLANG_WARN_INT_CONVERSION = YES;
				CLANG_WARN_OBJC_ROOT_CLASS = YES_ERROR;
				CLANG_WARN_SUSPICIOUS_MOVE = YES;
				CLANG_WARN_UNREACHABLE_CODE = YES;
				CLANG_WARN__DUPLICATE_METHOD_MATCH = YES;
				CODE_SIGN_IDENTITY = "-";
				COPY_PHASE_STRIP = NO;
				DEBUG_INFORMATION_FORMAT = "dwarf-with-dsym";
				ENABLE_NS_ASSERTIONS = NO;
				ENABLE_STRICT_OBJC_MSGSEND = YES;
				GCC_C_LANGUAGE_STANDARD = gnu99;
				GCC_NO_COMMON_BLOCKS = YES;
				GCC_WARN_64_TO_32_BIT_CONVERSION = YES;
				GCC_WARN_ABOUT_RETURN_TYPE = YES_ERROR;
				GCC_WARN_UNDECLARED_SELECTOR = YES;
				GCC_WARN_UNINITIALIZED_AUTOS = YES_AGGRESSIVE;
				GCC_WARN_UNUSED_FUNCTION = YES;
				GCC_WARN_UNUSED_VARIABLE = YES;
				MACOSX_DEPLOYMENT_TARGET = 10.11;
				MTL_ENABLE_DEBUG_INFO = NO;
				SDKROOT = macosx;
			};
			name = Release;
		};
		23349D1420256AB00087D2C0 /* Debug */ = {
			isa = XCBuildConfiguration;
			buildSettings = {
				HEADER_SEARCH_PATHS = (
					"\"$(SRCROOT)/../lib/glew-2.1.0/include\"",
					"\"$(SRCROOT)/../lib/glfw/include\"",
					"\"$(SRCROOT)/../lib/glm-0.9.7.1/glm\"",
				);
				LIBRARY_SEARCH_PATHS = (
					"\"$(SRCROOT)/../lib/glew-2.1.0/lib\"",
					"\"$(SRCROOT)/../lib/glfw/src\"",
				);
				PRODUCT_NAME = "$(TARGET_NAME)";
			};
			name = Debug;
		};
		23349D1520256AB00087D2C0 /* Release */ = {
			isa = XCBuildConfiguration;
			buildSettings = {
				HEADER_SEARCH_PATHS = (
					"\"$(SRCROOT)/../lib/glew-2.1.0/include\"",
					"\"$(SRCROOT)/../lib/glfw/include\"",
					"\"$(SRCROOT)/../lib/glm-0.9.7.1/glm\"",
				);
				LIBRARY_SEARCH_PATHS = (
					"\"$(SRCROOT)/../lib/glew-2.1.0/lib\"",
					"\"$(SRCROOT)/../lib/glfw/src\"",
				);
				PRODUCT_NAME = "$(TARGET_NAME)";
			};
			name = Release;
		};
/* End XCBuildConfiguration section */

/* Begin XCConfigurationList section */
		23349D0720256AB00087D2C0 /* Build configuration list for PBXProject "GraphicsEngine" */ = {
			isa = XCConfigurationList;
			buildConfigurations = (
				23349D1120256AB00087D2C0 /* Debug */,
				23349D1220256AB00087D2C0 /* Release */,
			);
			defaultConfigurationIsVisible = 0;
			defaultConfigurationName = Release;
		};
		23349D1320256AB00087D2C0 /* Build configuration list for PBXNativeTarget "GraphicsEngine" */ = {
			isa = XCConfigurationList;
			buildConfigurations = (
				23349D1420256AB00087D2C0 /* Debug */,
				23349D1520256AB00087D2C0 /* Release */,
			);
			defaultConfigurationIsVisible = 0;
		};
/* End XCConfigurationList section */
	};
	rootObject = 23349D0420256AB00087D2C0 /* Project object */;
}
