// !$*UTF8*$!
{
	archiveVersion = 1;
	classes = {
	};
	objectVersion = 46;
	objects = {

/* Begin PBXBuildFile section */
		23349D1020256AB00087D2C0 /* main.cpp in Sources */ = {isa = PBXBuildFile; fileRef = 23349D0F20256AB00087D2C0 /* main.cpp */; };
		23349D1820256AD80087D2C0 /* OpenGL.framework in Frameworks */ = {isa = PBXBuildFile; fileRef = 23349D1720256AD80087D2C0 /* OpenGL.framework */; };
		23349D1A20256ED20087D2C0 /* Cocoa.framework in Frameworks */ = {isa = PBXBuildFile; fileRef = 23349D1920256ED20087D2C0 /* Cocoa.framework */; };
		23349D1C20256ED70087D2C0 /* CoreFoundation.framework in Frameworks */ = {isa = PBXBuildFile; fileRef = 23349D1B20256ED70087D2C0 /* CoreFoundation.framework */; };
		23349D1E20256EE30087D2C0 /* CoreVideo.framework in Frameworks */ = {isa = PBXBuildFile; fileRef = 23349D1D20256EE30087D2C0 /* CoreVideo.framework */; };
		23349D2020256EE70087D2C0 /* IOKit.framework in Frameworks */ = {isa = PBXBuildFile; fileRef = 23349D1F20256EE70087D2C0 /* IOKit.framework */; };
		23349D22202570030087D2C0 /* libGLEW.2.1.0.dylib in Frameworks */ = {isa = PBXBuildFile; fileRef = 23349D21202570030087D2C0 /* libGLEW.2.1.0.dylib */; };
		23349D24202571160087D2C0 /* libglfw3.a in Frameworks */ = {isa = PBXBuildFile; fileRef = 23349D23202571160087D2C0 /* libglfw3.a */; };
		23349D27202573BA0087D2C0 /* Window.cpp in Sources */ = {isa = PBXBuildFile; fileRef = 23349D25202573BA0087D2C0 /* Window.cpp */; };
		23349D2A202575020087D2C0 /* Util.cpp in Sources */ = {isa = PBXBuildFile; fileRef = 23349D28202575020087D2C0 /* Util.cpp */; };
		23349D2D20257E490087D2C0 /* MainComponent.cpp in Sources */ = {isa = PBXBuildFile; fileRef = 23349D2B20257E490087D2C0 /* MainComponent.cpp */; };
		23349D30202581ED0087D2C0 /* Mesh.cpp in Sources */ = {isa = PBXBuildFile; fileRef = 23349D2E202581ED0087D2C0 /* Mesh.cpp */; };
		23349D33202584880087D2C0 /* Shader.cpp in Sources */ = {isa = PBXBuildFile; fileRef = 23349D31202584880087D2C0 /* Shader.cpp */; };
		23349D3A2025903A0087D2C0 /* Vector3.cpp in Sources */ = {isa = PBXBuildFile; fileRef = 23349D382025903A0087D2C0 /* Vector3.cpp */; };
		23349D3D202593000087D2C0 /* Vertex.cpp in Sources */ = {isa = PBXBuildFile; fileRef = 23349D3B202593000087D2C0 /* Vertex.cpp */; };
		233CBD082026C12C006FDD8C /* Matrix4.cpp in Sources */ = {isa = PBXBuildFile; fileRef = 233CBD062026C12C006FDD8C /* Matrix4.cpp */; };
		233CBD0B2026CC56006FDD8C /* Transform.cpp in Sources */ = {isa = PBXBuildFile; fileRef = 233CBD092026CC56006FDD8C /* Transform.cpp */; };
		23500B3420282BC4007C452B /* Camera.cpp in Sources */ = {isa = PBXBuildFile; fileRef = 23500B3220282BC4007C452B /* Camera.cpp */; };
		23500B3720283CD3007C452B /* Quaternion.cpp in Sources */ = {isa = PBXBuildFile; fileRef = 23500B3520283CD3007C452B /* Quaternion.cpp */; };
/* End PBXBuildFile section */

/* Begin PBXCopyFilesBuildPhase section */
		23349D0A20256AB00087D2C0 /* CopyFiles */ = {
			isa = PBXCopyFilesBuildPhase;
			buildActionMask = 2147483647;
			dstPath = /usr/share/man/man1/;
			dstSubfolderSpec = 0;
			files = (
			);
			runOnlyForDeploymentPostprocessing = 1;
		};
/* End PBXCopyFilesBuildPhase section */

/* Begin PBXFileReference section */
		23349D0C20256AB00087D2C0 /* GraphicsEngine */ = {isa = PBXFileReference; explicitFileType = "compiled.mach-o.executable"; includeInIndex = 0; path = GraphicsEngine; sourceTree = BUILT_PRODUCTS_DIR; };
		23349D0F20256AB00087D2C0 /* main.cpp */ = {isa = PBXFileReference; lastKnownFileType = sourcecode.cpp.cpp; path = main.cpp; sourceTree = "<group>"; };
		23349D1720256AD80087D2C0 /* OpenGL.framework */ = {isa = PBXFileReference; lastKnownFileType = wrapper.framework; name = OpenGL.framework; path = System/Library/Frameworks/OpenGL.framework; sourceTree = SDKROOT; };
		23349D1920256ED20087D2C0 /* Cocoa.framework */ = {isa = PBXFileReference; lastKnownFileType = wrapper.framework; name = Cocoa.framework; path = System/Library/Frameworks/Cocoa.framework; sourceTree = SDKROOT; };
		23349D1B20256ED70087D2C0 /* CoreFoundation.framework */ = {isa = PBXFileReference; lastKnownFileType = wrapper.framework; name = CoreFoundation.framework; path = System/Library/Frameworks/CoreFoundation.framework; sourceTree = SDKROOT; };
		23349D1D20256EE30087D2C0 /* CoreVideo.framework */ = {isa = PBXFileReference; lastKnownFileType = wrapper.framework; name = CoreVideo.framework; path = System/Library/Frameworks/CoreVideo.framework; sourceTree = SDKROOT; };
		23349D1F20256EE70087D2C0 /* IOKit.framework */ = {isa = PBXFileReference; lastKnownFileType = wrapper.framework; name = IOKit.framework; path = System/Library/Frameworks/IOKit.framework; sourceTree = SDKROOT; };
		23349D21202570030087D2C0 /* libGLEW.2.1.0.dylib */ = {isa = PBXFileReference; lastKnownFileType = "compiled.mach-o.dylib"; name = libGLEW.2.1.0.dylib; path = "../lib/glew-2.1.0/lib/libGLEW.2.1.0.dylib"; sourceTree = "<group>"; };
		23349D23202571160087D2C0 /* libglfw3.a */ = {isa = PBXFileReference; lastKnownFileType = archive.ar; name = libglfw3.a; path = ../lib/glfw/src/libglfw3.a; sourceTree = "<group>"; };
		23349D25202573BA0087D2C0 /* Window.cpp */ = {isa = PBXFileReference; fileEncoding = 4; lastKnownFileType = sourcecode.cpp.cpp; path = Window.cpp; sourceTree = "<group>"; };
		23349D26202573BA0087D2C0 /* Window.hpp */ = {isa = PBXFileReference; fileEncoding = 4; lastKnownFileType = sourcecode.cpp.h; path = Window.hpp; sourceTree = "<group>"; };
		23349D28202575020087D2C0 /* Util.cpp */ = {isa = PBXFileReference; fileEncoding = 4; lastKnownFileType = sourcecode.cpp.cpp; path = Util.cpp; sourceTree = "<group>"; };
		23349D29202575020087D2C0 /* Util.hpp */ = {isa = PBXFileReference; fileEncoding = 4; lastKnownFileType = sourcecode.cpp.h; path = Util.hpp; sourceTree = "<group>"; };
		23349D2B20257E490087D2C0 /* MainComponent.cpp */ = {isa = PBXFileReference; fileEncoding = 4; lastKnownFileType = sourcecode.cpp.cpp; path = MainComponent.cpp; sourceTree = "<group>"; };
		23349D2C20257E490087D2C0 /* MainComponent.hpp */ = {isa = PBXFileReference; fileEncoding = 4; lastKnownFileType = sourcecode.cpp.h; path = MainComponent.hpp; sourceTree = "<group>"; };
		23349D2E202581ED0087D2C0 /* Mesh.cpp */ = {isa = PBXFileReference; fileEncoding = 4; lastKnownFileType = sourcecode.cpp.cpp; path = Mesh.cpp; sourceTree = "<group>"; };
		23349D2F202581ED0087D2C0 /* Mesh.hpp */ = {isa = PBXFileReference; fileEncoding = 4; lastKnownFileType = sourcecode.cpp.h; path = Mesh.hpp; sourceTree = "<group>"; };
		23349D31202584880087D2C0 /* Shader.cpp */ = {isa = PBXFileReference; fileEncoding = 4; lastKnownFileType = sourcecode.cpp.cpp; path = Shader.cpp; sourceTree = "<group>"; };
		23349D32202584880087D2C0 /* Shader.hpp */ = {isa = PBXFileReference; fileEncoding = 4; lastKnownFileType = sourcecode.cpp.h; path = Shader.hpp; sourceTree = "<group>"; };
		23349D352025865E0087D2C0 /* BasicVertex.glsl */ = {isa = PBXFileReference; fileEncoding = 4; lastKnownFileType = text; path = BasicVertex.glsl; sourceTree = "<group>"; };
		23349D36202587130087D2C0 /* BasicFragment.glsl */ = {isa = PBXFileReference; fileEncoding = 4; lastKnownFileType = text; path = BasicFragment.glsl; sourceTree = "<group>"; };
		23349D382025903A0087D2C0 /* Vector3.cpp */ = {isa = PBXFileReference; fileEncoding = 4; lastKnownFileType = sourcecode.cpp.cpp; path = Vector3.cpp; sourceTree = "<group>"; };
		23349D392025903A0087D2C0 /* Vector3.hpp */ = {isa = PBXFileReference; fileEncoding = 4; lastKnownFileType = sourcecode.cpp.h; path = Vector3.hpp; sourceTree = "<group>"; };
		23349D3B202593000087D2C0 /* Vertex.cpp */ = {isa = PBXFileReference; fileEncoding = 4; lastKnownFileType = sourcecode.cpp.cpp; path = Vertex.cpp; sourceTree = "<group>"; };
		23349D3C202593000087D2C0 /* Vertex.hpp */ = {isa = PBXFileReference; fileEncoding = 4; lastKnownFileType = sourcecode.cpp.h; path = Vertex.hpp; sourceTree = "<group>"; };
		233CBD062026C12C006FDD8C /* Matrix4.cpp */ = {isa = PBXFileReference; fileEncoding = 4; lastKnownFileType = sourcecode.cpp.cpp; path = Matrix4.cpp; sourceTree = "<group>"; };
		233CBD072026C12C006FDD8C /* Matrix4.hpp */ = {isa = PBXFileReference; fileEncoding = 4; lastKnownFileType = sourcecode.cpp.h; path = Matrix4.hpp; sourceTree = "<group>"; };
		233CBD092026CC56006FDD8C /* Transform.cpp */ = {isa = PBXFileReference; fileEncoding = 4; lastKnownFileType = sourcecode.cpp.cpp; path = Transform.cpp; sourceTree = "<group>"; };
		233CBD0A2026CC56006FDD8C /* Transform.hpp */ = {isa = PBXFileReference; fileEncoding = 4; lastKnownFileType = sourcecode.cpp.h; path = Transform.hpp; sourceTree = "<group>"; };
		23500B3220282BC4007C452B /* Camera.cpp */ = {isa = PBXFileReference; fileEncoding = 4; lastKnownFileType = sourcecode.cpp.cpp; path = Camera.cpp; sourceTree = "<group>"; };
		23500B3320282BC4007C452B /* Camera.hpp */ = {isa = PBXFileReference; fileEncoding = 4; lastKnownFileType = sourcecode.cpp.h; path = Camera.hpp; sourceTree = "<group>"; };
		23500B3520283CD3007C452B /* Quaternion.cpp */ = {isa = PBXFileReference; fileEncoding = 4; lastKnownFileType = sourcecode.cpp.cpp; path = Quaternion.cpp; sourceTree = "<group>"; };
		23500B3620283CD3007C452B /* Quaternion.hpp */ = {isa = PBXFileReference; fileEncoding = 4; lastKnownFileType = sourcecode.cpp.h; path = Quaternion.hpp; sourceTree = "<group>"; };
/* End PBXFileReference section */

/* Begin PBXFrameworksBuildPhase section */
		23349D0920256AB00087D2C0 /* Frameworks */ = {
			isa = PBXFrameworksBuildPhase;
			buildActionMask = 2147483647;
			files = (
				23349D24202571160087D2C0 /* libglfw3.a in Frameworks */,
				23349D22202570030087D2C0 /* libGLEW.2.1.0.dylib in Frameworks */,
				23349D2020256EE70087D2C0 /* IOKit.framework in Frameworks */,
				23349D1E20256EE30087D2C0 /* CoreVideo.framework in Frameworks */,
				23349D1C20256ED70087D2C0 /* CoreFoundation.framework in Frameworks */,
				23349D1A20256ED20087D2C0 /* Cocoa.framework in Frameworks */,
				23349D1820256AD80087D2C0 /* OpenGL.framework in Frameworks */,
			);
			runOnlyForDeploymentPostprocessing = 0;
		};
/* End PBXFrameworksBuildPhase section */

/* Begin PBXGroup section */
		23349D0320256AB00087D2C0 = {
			isa = PBXGroup;
			children = (
				23349D342025862C0087D2C0 /* Resources */,
				23349D0E20256AB00087D2C0 /* GraphicsEngine */,
				23349D0D20256AB00087D2C0 /* Products */,
				23349D1620256AD80087D2C0 /* Frameworks */,
			);
			sourceTree = "<group>";
		};
		23349D0D20256AB00087D2C0 /* Products */ = {
			isa = PBXGroup;
			children = (
				23349D0C20256AB00087D2C0 /* GraphicsEngine */,
			);
			name = Products;
			sourceTree = "<group>";
		};
		23349D0E20256AB00087D2C0 /* GraphicsEngine */ = {
			isa = PBXGroup;
			children = (
				23349D37202590240087D2C0 /* Math */,
				23349D0F20256AB00087D2C0 /* main.cpp */,
				23349D25202573BA0087D2C0 /* Window.cpp */,
				23349D26202573BA0087D2C0 /* Window.hpp */,
				23349D28202575020087D2C0 /* Util.cpp */,
				23349D29202575020087D2C0 /* Util.hpp */,
				23349D2B20257E490087D2C0 /* MainComponent.cpp */,
				23349D2C20257E490087D2C0 /* MainComponent.hpp */,
				23349D2E202581ED0087D2C0 /* Mesh.cpp */,
				23349D2F202581ED0087D2C0 /* Mesh.hpp */,
				23349D31202584880087D2C0 /* Shader.cpp */,
				23349D32202584880087D2C0 /* Shader.hpp */,
				23349D3B202593000087D2C0 /* Vertex.cpp */,
				23349D3C202593000087D2C0 /* Vertex.hpp */,
				233CBD092026CC56006FDD8C /* Transform.cpp */,
				233CBD0A2026CC56006FDD8C /* Transform.hpp */,
				23500B3220282BC4007C452B /* Camera.cpp */,
				23500B3320282BC4007C452B /* Camera.hpp */,
			);
			path = GraphicsEngine;
			sourceTree = "<group>";
		};
		23349D1620256AD80087D2C0 /* Frameworks */ = {
			isa = PBXGroup;
			children = (
				23349D23202571160087D2C0 /* libglfw3.a */,
				23349D21202570030087D2C0 /* libGLEW.2.1.0.dylib */,
				23349D1F20256EE70087D2C0 /* IOKit.framework */,
				23349D1D20256EE30087D2C0 /* CoreVideo.framework */,
				23349D1B20256ED70087D2C0 /* CoreFoundation.framework */,
				23349D1920256ED20087D2C0 /* Cocoa.framework */,
				23349D1720256AD80087D2C0 /* OpenGL.framework */,
			);
			name = Frameworks;
			sourceTree = "<group>";
		};
		23349D342025862C0087D2C0 /* Resources */ = {
			isa = PBXGroup;
			children = (
				23349D352025865E0087D2C0 /* BasicVertex.glsl */,
				23349D36202587130087D2C0 /* BasicFragment.glsl */,
			);
			path = Resources;
			sourceTree = "<group>";
		};
		23349D37202590240087D2C0 /* Math */ = {
			isa = PBXGroup;
			children = (
				23349D382025903A0087D2C0 /* Vector3.cpp */,
				23349D392025903A0087D2C0 /* Vector3.hpp */,
				233CBD062026C12C006FDD8C /* Matrix4.cpp */,
				233CBD072026C12C006FDD8C /* Matrix4.hpp */,
				23500B3520283CD3007C452B /* Quaternion.cpp */,
				23500B3620283CD3007C452B /* Quaternion.hpp */,
			);
			path = Math;
			sourceTree = "<group>";
		};
/* End PBXGroup section */

/* Begin PBXNativeTarget section */
		23349D0B20256AB00087D2C0 /* GraphicsEngine */ = {
			isa = PBXNativeTarget;
			buildConfigurationList = 23349D1320256AB00087D2C0 /* Build configuration list for PBXNativeTarget "GraphicsEngine" */;
			buildPhases = (
				23349D0820256AB00087D2C0 /* Sources */,
				23349D0920256AB00087D2C0 /* Frameworks */,
				23349D0A20256AB00087D2C0 /* CopyFiles */,
			);
			buildRules = (
			);
			dependencies = (
			);
			name = GraphicsEngine;
			productName = GraphicsEngine;
			productReference = 23349D0C20256AB00087D2C0 /* GraphicsEngine */;
			productType = "com.apple.product-type.tool";
		};
/* End PBXNativeTarget section */

/* Begin PBXProject section */
		23349D0420256AB00087D2C0 /* Project object */ = {
			isa = PBXProject;
			attributes = {
				LastUpgradeCheck = 0820;
				ORGANIZATIONNAME = "Ashish Gogna";
				TargetAttributes = {
					23349D0B20256AB00087D2C0 = {
						CreatedOnToolsVersion = 8.2.1;
						ProvisioningStyle = Automatic;
					};
				};
			};
			buildConfigurationList = 23349D0720256AB00087D2C0 /* Build configuration list for PBXProject "GraphicsEngine" */;
			compatibilityVersion = "Xcode 3.2";
			developmentRegion = English;
			hasScannedForEncodings = 0;
			knownRegions = (
				en,
			);
			mainGroup = 23349D0320256AB00087D2C0;
			productRefGroup = 23349D0D20256AB00087D2C0 /* Products */;
			projectDirPath = "";
			projectRoot = "";
			targets = (
				23349D0B20256AB00087D2C0 /* GraphicsEngine */,
			);
		};
/* End PBXProject section */

/* Begin PBXSourcesBuildPhase section */
		23349D0820256AB00087D2C0 /* Sources */ = {
			isa = PBXSourcesBuildPhase;
			buildActionMask = 2147483647;
			files = (
				233CBD0B2026CC56006FDD8C /* Transform.cpp in Sources */,
				23349D2A202575020087D2C0 /* Util.cpp in Sources */,
				23349D3D202593000087D2C0 /* Vertex.cpp in Sources */,
				23349D1020256AB00087D2C0 /* main.cpp in Sources */,
				23500B3420282BC4007C452B /* Camera.cpp in Sources */,
				23500B3720283CD3007C452B /* Quaternion.cpp in Sources */,
				233CBD082026C12C006FDD8C /* Matrix4.cpp in Sources */,
				23349D2D20257E490087D2C0 /* MainComponent.cpp in Sources */,
				23349D27202573BA0087D2C0 /* Window.cpp in Sources */,
				23349D3A2025903A0087D2C0 /* Vector3.cpp in Sources */,
				23349D33202584880087D2C0 /* Shader.cpp in Sources */,
				23349D30202581ED0087D2C0 /* Mesh.cpp in Sources */,
			);
			runOnlyForDeploymentPostprocessing = 0;
		};
/* End PBXSourcesBuildPhase section */

/* Begin XCBuildConfiguration section */
		23349D1120256AB00087D2C0 /* Debug */ = {
			isa = XCBuildConfiguration;
			buildSettings = {
				ALWAYS_SEARCH_USER_PATHS = NO;
				CLANG_ANALYZER_NONNULL = YES;
				CLANG_CXX_LANGUAGE_STANDARD = "gnu++0x";
				CLANG_CXX_LIBRARY = "libc++";
				CLANG_ENABLE_MODULES = YES;
				CLANG_ENABLE_OBJC_ARC = YES;
				CLANG_WARN_BOOL_CONVERSION = YES;
				CLANG_WARN_CONSTANT_CONVERSION = YES;
				CLANG_WARN_DIRECT_OBJC_ISA_USAGE = YES_ERROR;
				CLANG_WARN_DOCUMENTATION_COMMENTS = YES;
				CLANG_WARN_EMPTY_BODY = YES;
				CLANG_WARN_ENUM_CONVERSION = YES;
				CLANG_WARN_INFINITE_RECURSION = YES;
				CLANG_WARN_INT_CONVERSION = YES;
				CLANG_WARN_OBJC_ROOT_CLASS = YES_ERROR;
				CLANG_WARN_SUSPICIOUS_MOVE = YES;
				CLANG_WARN_UNREACHABLE_CODE = YES;
				CLANG_WARN__DUPLICATE_METHOD_MATCH = YES;
				CODE_SIGN_IDENTITY = "-";
				COPY_PHASE_STRIP = NO;
				DEBUG_INFORMATION_FORMAT = dwarf;
				ENABLE_STRICT_OBJC_MSGSEND = YES;
				ENABLE_TESTABILITY = YES;
				GCC_C_LANGUAGE_STANDARD = gnu99;
				GCC_DYNAMIC_NO_PIC = NO;
				GCC_NO_COMMON_BLOCKS = YES;
				GCC_OPTIMIZATION_LEVEL = 0;
				GCC_PREPROCESSOR_DEFINITIONS = (
					"DEBUG=1",
					"$(inherited)",
				);
				GCC_WARN_64_TO_32_BIT_CONVERSION = YES;
				GCC_WARN_ABOUT_RETURN_TYPE = YES_ERROR;
				GCC_WARN_UNDECLARED_SELECTOR = YES;
				GCC_WARN_UNINITIALIZED_AUTOS = YES_AGGRESSIVE;
				GCC_WARN_UNUSED_FUNCTION = YES;
				GCC_WARN_UNUSED_VARIABLE = YES;
				MACOSX_DEPLOYMENT_TARGET = 10.11;
				MTL_ENABLE_DEBUG_INFO = YES;
				ONLY_ACTIVE_ARCH = YES;
				SDKROOT = macosx;
			};
			name = Debug;
		};
		23349D1220256AB00087D2C0 /* Release */ = {
			isa = XCBuildConfiguration;
			buildSettings = {
				ALWAYS_SEARCH_USER_PATHS = NO;
				CLANG_ANALYZER_NONNULL = YES;
				CLANG_CXX_LANGUAGE_STANDARD = "gnu++0x";
				CLANG_CXX_LIBRARY = "libc++";
				CLANG_ENABLE_MODULES = YES;
				CLANG_ENABLE_OBJC_ARC = YES;
				CLANG_WARN_BOOL_CONVERSION = YES;
				CLANG_WARN_CONSTANT_CONVERSION = YES;
				CLANG_WARN_DIRECT_OBJC_ISA_USAGE = YES_ERROR;
				CLANG_WARN_DOCUMENTATION_COMMENTS = YES;
				CLANG_WARN_EMPTY_BODY = YES;
				CLANG_WARN_ENUM_CONVERSION = YES;
				CLANG_WARN_INFINITE_RECURSION = YES;
				CLANG_WARN_INT_CONVERSION = YES;
				CLANG_WARN_OBJC_ROOT_CLASS = YES_ERROR;
				CLANG_WARN_SUSPICIOUS_MOVE = YES;
				CLANG_WARN_UNREACHABLE_CODE = YES;
				CLANG_WARN__DUPLICATE_METHOD_MATCH = YES;
				CODE_SIGN_IDENTITY = "-";
				COPY_PHASE_STRIP = NO;
				DEBUG_INFORMATION_FORMAT = "dwarf-with-dsym";
				ENABLE_NS_ASSERTIONS = NO;
				ENABLE_STRICT_OBJC_MSGSEND = YES;
				GCC_C_LANGUAGE_STANDARD = gnu99;
				GCC_NO_COMMON_BLOCKS = YES;
				GCC_WARN_64_TO_32_BIT_CONVERSION = YES;
				GCC_WARN_ABOUT_RETURN_TYPE = YES_ERROR;
				GCC_WARN_UNDECLARED_SELECTOR = YES;
				GCC_WARN_UNINITIALIZED_AUTOS = YES_AGGRESSIVE;
				GCC_WARN_UNUSED_FUNCTION = YES;
				GCC_WARN_UNUSED_VARIABLE = YES;
				MACOSX_DEPLOYMENT_TARGET = 10.11;
				MTL_ENABLE_DEBUG_INFO = NO;
				SDKROOT = macosx;
			};
			name = Release;
		};
		23349D1420256AB00087D2C0 /* Debug */ = {
			isa = XCBuildConfiguration;
			buildSettings = {
				HEADER_SEARCH_PATHS = (
					"\"$(SRCROOT)/../lib/glew-2.1.0/include\"",
					"\"$(SRCROOT)/../lib/glfw/include\"",
					"\"$(SRCROOT)/../lib/glm-0.9.7.1/glm\"",
				);
				LIBRARY_SEARCH_PATHS = (
					"\"$(SRCROOT)/../lib/glew-2.1.0/lib\"",
					"\"$(SRCROOT)/../lib/glfw/src\"",
				);
				PRODUCT_NAME = "$(TARGET_NAME)";
			};
			name = Debug;
		};
		23349D1520256AB00087D2C0 /* Release */ = {
			isa = XCBuildConfiguration;
			buildSettings = {
				HEADER_SEARCH_PATHS = (
					"\"$(SRCROOT)/../lib/glew-2.1.0/include\"",
					"\"$(SRCROOT)/../lib/glfw/include\"",
					"\"$(SRCROOT)/../lib/glm-0.9.7.1/glm\"",
				);
				LIBRARY_SEARCH_PATHS = (
					"\"$(SRCROOT)/../lib/glew-2.1.0/lib\"",
					"\"$(SRCROOT)/../lib/glfw/src\"",
				);
				PRODUCT_NAME = "$(TARGET_NAME)";
			};
			name = Release;
		};
/* End XCBuildConfiguration section */

/* Begin XCConfigurationList section */
		23349D0720256AB00087D2C0 /* Build configuration list for PBXProject "GraphicsEngine" */ = {
			isa = XCConfigurationList;
			buildConfigurations = (
				23349D1120256AB00087D2C0 /* Debug */,
				23349D1220256AB00087D2C0 /* Release */,
			);
			defaultConfigurationIsVisible = 0;
			defaultConfigurationName = Release;
		};
		23349D1320256AB00087D2C0 /* Build configuration list for PBXNativeTarget "GraphicsEngine" */ = {
			isa = XCConfigurationList;
			buildConfigurations = (
				23349D1420256AB00087D2C0 /* Debug */,
				23349D1520256AB00087D2C0 /* Release */,
			);
			defaultConfigurationIsVisible = 0;
			defaultConfigurationName = Release;
		};
/* End XCConfigurationList section */
	};
	rootObject = 23349D0420256AB00087D2C0 /* Project object */;
}
